
Microsoft Visual Studio Solution File, Format Version 12.00
# Visual Studio Version 17
VisualStudioVersion = 17.4.33122.133
MinimumVisualStudioVersion = 10.0.40219.1
Project("{FAE04EC0-301F-11D3-BF4B-00C04F79EFBC}") = "modul3_2", "modul3_2\modul3_2.csproj", "{D32BCB4C-5210-43C5-92AC-1B760D10582A}"
EndProject
Global
	GlobalSection(SolutionConfigurationPlatforms) = preSolution
		Debug|Any CPU = Debug|Any CPU
		Release|Any CPU = Release|Any CPU
	EndGlobalSection
	GlobalSection(ProjectConfigurationPlatforms) = postSolution
		{D32BCB4C-5210-43C5-92AC-1B760D10582A}.Debug|Any CPU.ActiveCfg = Debug|Any CPU
		{D32BCB4C-5210-43C5-92AC-1B760D10582A}.Debug|Any CPU.Build.0 = Debug|Any CPU
		{D32BCB4C-5210-43C5-92AC-1B760D10582A}.Release|Any CPU.ActiveCfg = Release|Any CPU
		{D32BCB4C-5210-43C5-92AC-1B760D10582A}.Release|Any CPU.Build.0 = Release|Any CPU
	EndGlobalSection
	GlobalSection(SolutionProperties) = preSolution
		HideSolutionNode = FALSE
	EndGlobalSection
	GlobalSection(ExtensibilityGlobals) = postSolution
		SolutionGuid = {AABED5AB-0386-45A0-ACBD-35A7FB41EBC4}
	EndGlobalSection
EndGlobal
