
Microsoft Visual Studio Solution File, Format Version 12.00
# Visual Studio Version 17
VisualStudioVersion = 17.4.33122.133
MinimumVisualStudioVersion = 10.0.40219.1
Project("{FAE04EC0-301F-11D3-BF4B-00C04F79EFBC}") = "DegiskenKavrami", "DegiskenKavrami\DegiskenKavrami.csproj", "{E6BB41F1-241A-46D5-92A9-93A2BF89EBC3}"
EndProject
Global
	GlobalSection(SolutionConfigurationPlatforms) = preSolution
		Debug|Any CPU = Debug|Any CPU
		Release|Any CPU = Release|Any CPU
	EndGlobalSection
	GlobalSection(ProjectConfigurationPlatforms) = postSolution
		{E6BB41F1-241A-46D5-92A9-93A2BF89EBC3}.Debug|Any CPU.ActiveCfg = Debug|Any CPU
		{E6BB41F1-241A-46D5-92A9-93A2BF89EBC3}.Debug|Any CPU.Build.0 = Debug|Any CPU
		{E6BB41F1-241A-46D5-92A9-93A2BF89EBC3}.Release|Any CPU.ActiveCfg = Release|Any CPU
		{E6BB41F1-241A-46D5-92A9-93A2BF89EBC3}.Release|Any CPU.Build.0 = Release|Any CPU
	EndGlobalSection
	GlobalSection(SolutionProperties) = preSolution
		HideSolutionNode = FALSE
	EndGlobalSection
	GlobalSection(ExtensibilityGlobals) = postSolution
		SolutionGuid = {B065969E-5531-4909-8808-E5AE8B1CB4B2}
	EndGlobalSection
EndGlobal
