
Microsoft Visual Studio Solution File, Format Version 12.00
# Visual Studio Version 17
VisualStudioVersion = 17.4.33122.133
MinimumVisualStudioVersion = 10.0.40219.1
Project("{FAE04EC0-301F-11D3-BF4B-00C04F79EFBC}") = "csharpkonular", "csharpkonular\csharpkonular.csproj", "{E2D5DF29-E219-4B42-B052-4CCE6910571A}"
EndProject
Global
	GlobalSection(SolutionConfigurationPlatforms) = preSolution
		Debug|Any CPU = Debug|Any CPU
		Release|Any CPU = Release|Any CPU
	EndGlobalSection
	GlobalSection(ProjectConfigurationPlatforms) = postSolution
		{E2D5DF29-E219-4B42-B052-4CCE6910571A}.Debug|Any CPU.ActiveCfg = Debug|Any CPU
		{E2D5DF29-E219-4B42-B052-4CCE6910571A}.Debug|Any CPU.Build.0 = Debug|Any CPU
		{E2D5DF29-E219-4B42-B052-4CCE6910571A}.Release|Any CPU.ActiveCfg = Release|Any CPU
		{E2D5DF29-E219-4B42-B052-4CCE6910571A}.Release|Any CPU.Build.0 = Release|Any CPU
	EndGlobalSection
	GlobalSection(SolutionProperties) = preSolution
		HideSolutionNode = FALSE
	EndGlobalSection
	GlobalSection(ExtensibilityGlobals) = postSolution
		SolutionGuid = {7AA09765-923C-4DAC-933A-8814620A2CBC}
	EndGlobalSection
EndGlobal
